// !$*UTF8*$!
{
	archiveVersion = 1;
	classes = {
	};
	objectVersion = 50;
	objects = {

/* Begin PBXBuildFile section */
		CF53786B262752020039108D /* AppDelegate.swift in Sources */ = {isa = PBXBuildFile; fileRef = CF53786A262752020039108D /* AppDelegate.swift */; };
		CF53786D262752030039108D /* Assets.xcassets in Resources */ = {isa = PBXBuildFile; fileRef = CF53786C262752030039108D /* Assets.xcassets */; };
		CF537870262752030039108D /* MainMenu.xib in Resources */ = {isa = PBXBuildFile; fileRef = CF53786E262752030039108D /* MainMenu.xib */; };
		CF53787C262752040039108D /* QuickBarTests.swift in Sources */ = {isa = PBXBuildFile; fileRef = CF53787B262752040039108D /* QuickBarTests.swift */; };
		CF537887262752040039108D /* QuickBarUITests.swift in Sources */ = {isa = PBXBuildFile; fileRef = CF537886262752040039108D /* QuickBarUITests.swift */; };
		CF537899262756130039108D /* DockWindowController.swift in Sources */ = {isa = PBXBuildFile; fileRef = CF537897262756130039108D /* DockWindowController.swift */; };
		CF53789A262756130039108D /* DockWindowController.xib in Resources */ = {isa = PBXBuildFile; fileRef = CF537898262756130039108D /* DockWindowController.xib */; };
		CF5378AB26275A1F0039108D /* CollectionViewItem.swift in Sources */ = {isa = PBXBuildFile; fileRef = CF5378A726275A1E0039108D /* CollectionViewItem.swift */; };
		CF5378AC26275A1F0039108D /* CollectionViewController.swift in Sources */ = {isa = PBXBuildFile; fileRef = CF5378A826275A1E0039108D /* CollectionViewController.swift */; };
		CF5378AD26275A1F0039108D /* CollectionViewController.xib in Resources */ = {isa = PBXBuildFile; fileRef = CF5378A926275A1E0039108D /* CollectionViewController.xib */; };
		CF5378AE26275A1F0039108D /* CollectionViewItem.xib in Resources */ = {isa = PBXBuildFile; fileRef = CF5378AA26275A1F0039108D /* CollectionViewItem.xib */; };
		CF677C722628A8A600CC2C68 /* GoogleSearchPopover.xib in Resources */ = {isa = PBXBuildFile; fileRef = CF677C742628A8A600CC2C68 /* GoogleSearchPopover.xib */; };
		CF677C792628AB2100CC2C68 /* HoverButton.swift in Sources */ = {isa = PBXBuildFile; fileRef = CF677C782628AB2100CC2C68 /* HoverButton.swift */; };
		CF677C7E2628ABFE00CC2C68 /* AlphaButtons.swift in Sources */ = {isa = PBXBuildFile; fileRef = CF677C7D2628ABFE00CC2C68 /* AlphaButtons.swift */; };
		CF677C842628AEDC00CC2C68 /* ToolTipPopover.swift in Sources */ = {isa = PBXBuildFile; fileRef = CF677C822628AEDC00CC2C68 /* ToolTipPopover.swift */; };
		CF677C852628AEDC00CC2C68 /* ToolTipPopover.xib in Resources */ = {isa = PBXBuildFile; fileRef = CF677C832628AEDC00CC2C68 /* ToolTipPopover.xib */; };
		CF982DB62628746D0056401A /* MLCalendarView.xib in Resources */ = {isa = PBXBuildFile; fileRef = CF982DB52628746C0056401A /* MLCalendarView.xib */; };
		CF982DC0262874700056401A /* MLCalendarView.swift in Sources */ = {isa = PBXBuildFile; fileRef = CF982DBA262874700056401A /* MLCalendarView.swift */; };
		CF982DC1262874700056401A /* MLCalendarCell.swift in Sources */ = {isa = PBXBuildFile; fileRef = CF982DBF262874700056401A /* MLCalendarCell.swift */; };
		CF982DC2262874700056401A /* MLCalendarBackground.swift in Sources */ = {isa = PBXBuildFile; fileRef = CF982DBE262874700056401A /* MLCalendarBackground.swift */; };
		CF982DD0262890860056401A /* TerminalPopover.swift in Sources */ = {isa = PBXBuildFile; fileRef = CF982DCE262890850056401A /* TerminalPopover.swift */; };
		CF982DD1262890860056401A /* TerminalPopover.xib in Resources */ = {isa = PBXBuildFile; fileRef = CF982DCF262890850056401A /* TerminalPopover.xib */; };
		CF982E102628A72C0056401A /* GoogleSearchPopover.swift in Sources */ = {isa = PBXBuildFile; fileRef = CF982E0E2628A72C0056401A /* GoogleSearchPopover.swift */; };
		CFBD01192629A0E900F2E7FC /* FavouriteItem.swift in Sources */ = {isa = PBXBuildFile; fileRef = CFBD01182629A0E900F2E7FC /* FavouriteItem.swift */; };
		CFBD011E2629A38C00F2E7FC /* favourites.swift in Sources */ = {isa = PBXBuildFile; fileRef = CFBD011D2629A38C00F2E7FC /* favourites.swift */; };
		CFE6B1F526285EBC00DF229B /* InternalBattery.swift in Sources */ = {isa = PBXBuildFile; fileRef = CFE6B1F426285EBC00DF229B /* InternalBattery.swift */; };
		CFE6B1FD26285EDA00DF229B /* InternalFinder.swift in Sources */ = {isa = PBXBuildFile; fileRef = CFE6B1FC26285EDA00DF229B /* InternalFinder.swift */; };
		CFE6B203262864C700DF229B /* BatteryPopoverView.swift in Sources */ = {isa = PBXBuildFile; fileRef = CFE6B201262864C700DF229B /* BatteryPopoverView.swift */; };
		CFE6B204262864C700DF229B /* BatteryPopoverView.xib in Resources */ = {isa = PBXBuildFile; fileRef = CFE6B202262864C700DF229B /* BatteryPopoverView.xib */; };
/* End PBXBuildFile section */

/* Begin PBXContainerItemProxy section */
		CF537878262752040039108D /* PBXContainerItemProxy */ = {
			isa = PBXContainerItemProxy;
			containerPortal = CF53785F262752020039108D /* Project object */;
			proxyType = 1;
			remoteGlobalIDString = CF537866262752020039108D;
			remoteInfo = QuickBar;
		};
		CF537883262752040039108D /* PBXContainerItemProxy */ = {
			isa = PBXContainerItemProxy;
			containerPortal = CF53785F262752020039108D /* Project object */;
			proxyType = 1;
			remoteGlobalIDString = CF537866262752020039108D;
			remoteInfo = QuickBar;
		};
/* End PBXContainerItemProxy section */

/* Begin PBXFileReference section */
		CF537867262752020039108D /* QuickBar.app */ = {isa = PBXFileReference; explicitFileType = wrapper.application; includeInIndex = 0; path = QuickBar.app; sourceTree = BUILT_PRODUCTS_DIR; };
		CF53786A262752020039108D /* AppDelegate.swift */ = {isa = PBXFileReference; lastKnownFileType = sourcecode.swift; path = AppDelegate.swift; sourceTree = "<group>"; };
		CF53786C262752030039108D /* Assets.xcassets */ = {isa = PBXFileReference; lastKnownFileType = folder.assetcatalog; path = Assets.xcassets; sourceTree = "<group>"; };
		CF53786F262752030039108D /* Base */ = {isa = PBXFileReference; lastKnownFileType = file.xib; name = Base; path = Base.lproj/MainMenu.xib; sourceTree = "<group>"; };
		CF537871262752030039108D /* Info.plist */ = {isa = PBXFileReference; lastKnownFileType = text.plist.xml; path = Info.plist; sourceTree = "<group>"; };
		CF537872262752030039108D /* QuickBar.entitlements */ = {isa = PBXFileReference; lastKnownFileType = text.plist.entitlements; path = QuickBar.entitlements; sourceTree = "<group>"; };
		CF537877262752040039108D /* QuickBarTests.xctest */ = {isa = PBXFileReference; explicitFileType = wrapper.cfbundle; includeInIndex = 0; path = QuickBarTests.xctest; sourceTree = BUILT_PRODUCTS_DIR; };
		CF53787B262752040039108D /* QuickBarTests.swift */ = {isa = PBXFileReference; lastKnownFileType = sourcecode.swift; path = QuickBarTests.swift; sourceTree = "<group>"; };
		CF53787D262752040039108D /* Info.plist */ = {isa = PBXFileReference; lastKnownFileType = text.plist.xml; path = Info.plist; sourceTree = "<group>"; };
		CF537882262752040039108D /* QuickBarUITests.xctest */ = {isa = PBXFileReference; explicitFileType = wrapper.cfbundle; includeInIndex = 0; path = QuickBarUITests.xctest; sourceTree = BUILT_PRODUCTS_DIR; };
		CF537886262752040039108D /* QuickBarUITests.swift */ = {isa = PBXFileReference; lastKnownFileType = sourcecode.swift; path = QuickBarUITests.swift; sourceTree = "<group>"; };
		CF537888262752040039108D /* Info.plist */ = {isa = PBXFileReference; lastKnownFileType = text.plist.xml; path = Info.plist; sourceTree = "<group>"; };
		CF537897262756130039108D /* DockWindowController.swift */ = {isa = PBXFileReference; lastKnownFileType = sourcecode.swift; path = DockWindowController.swift; sourceTree = "<group>"; };
		CF537898262756130039108D /* DockWindowController.xib */ = {isa = PBXFileReference; lastKnownFileType = file.xib; path = DockWindowController.xib; sourceTree = "<group>"; };
		CF5378A726275A1E0039108D /* CollectionViewItem.swift */ = {isa = PBXFileReference; fileEncoding = 4; lastKnownFileType = sourcecode.swift; path = CollectionViewItem.swift; sourceTree = "<group>"; };
		CF5378A826275A1E0039108D /* CollectionViewController.swift */ = {isa = PBXFileReference; fileEncoding = 4; lastKnownFileType = sourcecode.swift; path = CollectionViewController.swift; sourceTree = "<group>"; };
		CF5378A926275A1E0039108D /* CollectionViewController.xib */ = {isa = PBXFileReference; fileEncoding = 4; lastKnownFileType = file.xib; path = CollectionViewController.xib; sourceTree = "<group>"; };
		CF5378AA26275A1F0039108D /* CollectionViewItem.xib */ = {isa = PBXFileReference; fileEncoding = 4; lastKnownFileType = file.xib; path = CollectionViewItem.xib; sourceTree = "<group>"; };
		CF677C732628A8A600CC2C68 /* Base */ = {isa = PBXFileReference; lastKnownFileType = file.xib; name = Base; path = Base.lproj/GoogleSearchPopover.xib; sourceTree = "<group>"; };
		CF677C782628AB2100CC2C68 /* HoverButton.swift */ = {isa = PBXFileReference; lastKnownFileType = sourcecode.swift; path = HoverButton.swift; sourceTree = "<group>"; };
		CF677C7D2628ABFE00CC2C68 /* AlphaButtons.swift */ = {isa = PBXFileReference; lastKnownFileType = sourcecode.swift; path = AlphaButtons.swift; sourceTree = "<group>"; };
		CF677C822628AEDC00CC2C68 /* ToolTipPopover.swift */ = {isa = PBXFileReference; lastKnownFileType = sourcecode.swift; path = ToolTipPopover.swift; sourceTree = "<group>"; };
		CF677C832628AEDC00CC2C68 /* ToolTipPopover.xib */ = {isa = PBXFileReference; lastKnownFileType = file.xib; path = ToolTipPopover.xib; sourceTree = "<group>"; };
		CF982DB52628746C0056401A /* MLCalendarView.xib */ = {isa = PBXFileReference; fileEncoding = 4; lastKnownFileType = file.xib; path = MLCalendarView.xib; sourceTree = "<group>"; };
		CF982DBA262874700056401A /* MLCalendarView.swift */ = {isa = PBXFileReference; lastKnownFileType = sourcecode.swift; path = MLCalendarView.swift; sourceTree = "<group>"; };
		CF982DBE262874700056401A /* MLCalendarBackground.swift */ = {isa = PBXFileReference; lastKnownFileType = sourcecode.swift; path = MLCalendarBackground.swift; sourceTree = "<group>"; };
		CF982DBF262874700056401A /* MLCalendarCell.swift */ = {isa = PBXFileReference; lastKnownFileType = sourcecode.swift; path = MLCalendarCell.swift; sourceTree = "<group>"; };
		CF982DCE262890850056401A /* TerminalPopover.swift */ = {isa = PBXFileReference; lastKnownFileType = sourcecode.swift; path = TerminalPopover.swift; sourceTree = "<group>"; };
		CF982DCF262890850056401A /* TerminalPopover.xib */ = {isa = PBXFileReference; lastKnownFileType = file.xib; path = TerminalPopover.xib; sourceTree = "<group>"; };
		CF982E0E2628A72C0056401A /* GoogleSearchPopover.swift */ = {isa = PBXFileReference; lastKnownFileType = sourcecode.swift; path = GoogleSearchPopover.swift; sourceTree = "<group>"; };
		CFBD01182629A0E900F2E7FC /* FavouriteItem.swift */ = {isa = PBXFileReference; lastKnownFileType = sourcecode.swift; path = FavouriteItem.swift; sourceTree = "<group>"; };
		CFBD011D2629A38C00F2E7FC /* favourites.swift */ = {isa = PBXFileReference; lastKnownFileType = sourcecode.swift; path = favourites.swift; sourceTree = "<group>"; };
		CFE6B1F426285EBC00DF229B /* InternalBattery.swift */ = {isa = PBXFileReference; lastKnownFileType = sourcecode.swift; path = InternalBattery.swift; sourceTree = "<group>"; };
		CFE6B1FC26285EDA00DF229B /* InternalFinder.swift */ = {isa = PBXFileReference; lastKnownFileType = sourcecode.swift; path = InternalFinder.swift; sourceTree = "<group>"; };
		CFE6B201262864C700DF229B /* BatteryPopoverView.swift */ = {isa = PBXFileReference; lastKnownFileType = sourcecode.swift; path = BatteryPopoverView.swift; sourceTree = "<group>"; };
		CFE6B202262864C700DF229B /* BatteryPopoverView.xib */ = {isa = PBXFileReference; lastKnownFileType = file.xib; path = BatteryPopoverView.xib; sourceTree = "<group>"; };
/* End PBXFileReference section */

/* Begin PBXFrameworksBuildPhase section */
		CF537864262752020039108D /* Frameworks */ = {
			isa = PBXFrameworksBuildPhase;
			buildActionMask = 2147483647;
			files = (
			);
			runOnlyForDeploymentPostprocessing = 0;
		};
		CF537874262752040039108D /* Frameworks */ = {
			isa = PBXFrameworksBuildPhase;
			buildActionMask = 2147483647;
			files = (
			);
			runOnlyForDeploymentPostprocessing = 0;
		};
		CF53787F262752040039108D /* Frameworks */ = {
			isa = PBXFrameworksBuildPhase;
			buildActionMask = 2147483647;
			files = (
			);
			runOnlyForDeploymentPostprocessing = 0;
		};
/* End PBXFrameworksBuildPhase section */

/* Begin PBXGroup section */
		CF53785E262752020039108D = {
			isa = PBXGroup;
			children = (
				CF537869262752020039108D /* QuickBar */,
				CF53787A262752040039108D /* QuickBarTests */,
				CF537885262752040039108D /* QuickBarUITests */,
				CF537868262752020039108D /* Products */,
			);
			sourceTree = "<group>";
		};
		CF537868262752020039108D /* Products */ = {
			isa = PBXGroup;
			children = (
				CF537867262752020039108D /* QuickBar.app */,
				CF537877262752040039108D /* QuickBarTests.xctest */,
				CF537882262752040039108D /* QuickBarUITests.xctest */,
			);
			name = Products;
			sourceTree = "<group>";
		};
		CF537869262752020039108D /* QuickBar */ = {
			isa = PBXGroup;
			children = (
				CFBD01172629A0D600F2E7FC /* Favourite */,
				CF982E0A2628A5670056401A /* WindowControllers */,
				CF982E092628A5470056401A /* Popovers */,
				CF53786A262752020039108D /* AppDelegate.swift */,
				CF53786C262752030039108D /* Assets.xcassets */,
				CF53786E262752030039108D /* MainMenu.xib */,
				CF537871262752030039108D /* Info.plist */,
				CF537872262752030039108D /* QuickBar.entitlements */,
				CF5378A826275A1E0039108D /* CollectionViewController.swift */,
				CF5378A926275A1E0039108D /* CollectionViewController.xib */,
				CF5378A726275A1E0039108D /* CollectionViewItem.swift */,
				CF5378AA26275A1F0039108D /* CollectionViewItem.xib */,
				CF677C782628AB2100CC2C68 /* HoverButton.swift */,
				CF677C7D2628ABFE00CC2C68 /* AlphaButtons.swift */,
			);
			path = QuickBar;
			sourceTree = "<group>";
		};
		CF53787A262752040039108D /* QuickBarTests */ = {
			isa = PBXGroup;
			children = (
				CF53787B262752040039108D /* QuickBarTests.swift */,
				CF53787D262752040039108D /* Info.plist */,
			);
			path = QuickBarTests;
			sourceTree = "<group>";
		};
		CF537885262752040039108D /* QuickBarUITests */ = {
			isa = PBXGroup;
			children = (
				CF537886262752040039108D /* QuickBarUITests.swift */,
				CF537888262752040039108D /* Info.plist */,
			);
			path = QuickBarUITests;
			sourceTree = "<group>";
		};
		CF982DB42628745F0056401A /* MLCalendar */ = {
			isa = PBXGroup;
			children = (
				CF982DBE262874700056401A /* MLCalendarBackground.swift */,
				CF982DBF262874700056401A /* MLCalendarCell.swift */,
				CF982DBA262874700056401A /* MLCalendarView.swift */,
				CF982DB52628746C0056401A /* MLCalendarView.xib */,
			);
			path = MLCalendar;
			sourceTree = "<group>";
		};
		CF982E092628A5470056401A /* Popovers */ = {
			isa = PBXGroup;
			children = (
				CF982DB42628745F0056401A /* MLCalendar */,
				CFE6B1F426285EBC00DF229B /* InternalBattery.swift */,
				CFE6B1FC26285EDA00DF229B /* InternalFinder.swift */,
				CFE6B201262864C700DF229B /* BatteryPopoverView.swift */,
				CFE6B202262864C700DF229B /* BatteryPopoverView.xib */,
				CF982DCE262890850056401A /* TerminalPopover.swift */,
				CF982DCF262890850056401A /* TerminalPopover.xib */,
				CF982E0E2628A72C0056401A /* GoogleSearchPopover.swift */,
				CF677C742628A8A600CC2C68 /* GoogleSearchPopover.xib */,
				CF677C822628AEDC00CC2C68 /* ToolTipPopover.swift */,
				CF677C832628AEDC00CC2C68 /* ToolTipPopover.xib */,
			);
			path = Popovers;
			sourceTree = "<group>";
		};
		CF982E0A2628A5670056401A /* WindowControllers */ = {
			isa = PBXGroup;
			children = (
				CF537897262756130039108D /* DockWindowController.swift */,
				CF537898262756130039108D /* DockWindowController.xib */,
			);
			path = WindowControllers;
			sourceTree = "<group>";
		};
		CFBD01172629A0D600F2E7FC /* Favourite */ = {
			isa = PBXGroup;
			children = (
				CFBD01182629A0E900F2E7FC /* FavouriteItem.swift */,
				CFBD011D2629A38C00F2E7FC /* favourites.swift */,
			);
			path = Favourite;
			sourceTree = "<group>";
		};
/* End PBXGroup section */

/* Begin PBXNativeTarget section */
		CF537866262752020039108D /* QuickBar */ = {
			isa = PBXNativeTarget;
			buildConfigurationList = CF53788B262752040039108D /* Build configuration list for PBXNativeTarget "QuickBar" */;
			buildPhases = (
				CF537863262752020039108D /* Sources */,
				CF537864262752020039108D /* Frameworks */,
				CF537865262752020039108D /* Resources */,
			);
			buildRules = (
			);
			dependencies = (
			);
			name = QuickBar;
			productName = QuickBar;
			productReference = CF537867262752020039108D /* QuickBar.app */;
			productType = "com.apple.product-type.application";
		};
		CF537876262752040039108D /* QuickBarTests */ = {
			isa = PBXNativeTarget;
			buildConfigurationList = CF53788E262752040039108D /* Build configuration list for PBXNativeTarget "QuickBarTests" */;
			buildPhases = (
				CF537873262752040039108D /* Sources */,
				CF537874262752040039108D /* Frameworks */,
				CF537875262752040039108D /* Resources */,
			);
			buildRules = (
			);
			dependencies = (
				CF537879262752040039108D /* PBXTargetDependency */,
			);
			name = QuickBarTests;
			productName = QuickBarTests;
			productReference = CF537877262752040039108D /* QuickBarTests.xctest */;
			productType = "com.apple.product-type.bundle.unit-test";
		};
		CF537881262752040039108D /* QuickBarUITests */ = {
			isa = PBXNativeTarget;
			buildConfigurationList = CF537891262752040039108D /* Build configuration list for PBXNativeTarget "QuickBarUITests" */;
			buildPhases = (
				CF53787E262752040039108D /* Sources */,
				CF53787F262752040039108D /* Frameworks */,
				CF537880262752040039108D /* Resources */,
			);
			buildRules = (
			);
			dependencies = (
				CF537884262752040039108D /* PBXTargetDependency */,
			);
			name = QuickBarUITests;
			productName = QuickBarUITests;
			productReference = CF537882262752040039108D /* QuickBarUITests.xctest */;
			productType = "com.apple.product-type.bundle.ui-testing";
		};
/* End PBXNativeTarget section */

/* Begin PBXProject section */
		CF53785F262752020039108D /* Project object */ = {
			isa = PBXProject;
			attributes = {
				LastSwiftUpdateCheck = 1240;
				LastUpgradeCheck = 1240;
				TargetAttributes = {
					CF537866262752020039108D = {
						CreatedOnToolsVersion = 12.4;
					};
					CF537876262752040039108D = {
						CreatedOnToolsVersion = 12.4;
						TestTargetID = CF537866262752020039108D;
					};
					CF537881262752040039108D = {
						CreatedOnToolsVersion = 12.4;
						TestTargetID = CF537866262752020039108D;
					};
				};
			};
			buildConfigurationList = CF537862262752020039108D /* Build configuration list for PBXProject "QuickBar" */;
			compatibilityVersion = "Xcode 9.3";
			developmentRegion = en;
			hasScannedForEncodings = 0;
			knownRegions = (
				en,
				Base,
			);
			mainGroup = CF53785E262752020039108D;
			productRefGroup = CF537868262752020039108D /* Products */;
			projectDirPath = "";
			projectRoot = "";
			targets = (
				CF537866262752020039108D /* QuickBar */,
				CF537876262752040039108D /* QuickBarTests */,
				CF537881262752040039108D /* QuickBarUITests */,
			);
		};
/* End PBXProject section */

/* Begin PBXResourcesBuildPhase section */
		CF537865262752020039108D /* Resources */ = {
			isa = PBXResourcesBuildPhase;
			buildActionMask = 2147483647;
			files = (
				CF982DB62628746D0056401A /* MLCalendarView.xib in Resources */,
				CF53789A262756130039108D /* DockWindowController.xib in Resources */,
				CF5378AD26275A1F0039108D /* CollectionViewController.xib in Resources */,
				CF982DD1262890860056401A /* TerminalPopover.xib in Resources */,
				CFE6B204262864C700DF229B /* BatteryPopoverView.xib in Resources */,
				CF677C852628AEDC00CC2C68 /* ToolTipPopover.xib in Resources */,
				CF53786D262752030039108D /* Assets.xcassets in Resources */,
				CF537870262752030039108D /* MainMenu.xib in Resources */,
				CF5378AE26275A1F0039108D /* CollectionViewItem.xib in Resources */,
				CF677C722628A8A600CC2C68 /* GoogleSearchPopover.xib in Resources */,
			);
			runOnlyForDeploymentPostprocessing = 0;
		};
		CF537875262752040039108D /* Resources */ = {
			isa = PBXResourcesBuildPhase;
			buildActionMask = 2147483647;
			files = (
			);
			runOnlyForDeploymentPostprocessing = 0;
		};
		CF537880262752040039108D /* Resources */ = {
			isa = PBXResourcesBuildPhase;
			buildActionMask = 2147483647;
			files = (
			);
			runOnlyForDeploymentPostprocessing = 0;
		};
/* End PBXResourcesBuildPhase section */

/* Begin PBXSourcesBuildPhase section */
		CF537863262752020039108D /* Sources */ = {
			isa = PBXSourcesBuildPhase;
			buildActionMask = 2147483647;
			files = (
				CF982DD0262890860056401A /* TerminalPopover.swift in Sources */,
				CF677C792628AB2100CC2C68 /* HoverButton.swift in Sources */,
				CFBD01192629A0E900F2E7FC /* FavouriteItem.swift in Sources */,
				CFE6B1F526285EBC00DF229B /* InternalBattery.swift in Sources */,
				CF5378AB26275A1F0039108D /* CollectionViewItem.swift in Sources */,
				CF982DC2262874700056401A /* MLCalendarBackground.swift in Sources */,
				CFE6B1FD26285EDA00DF229B /* InternalFinder.swift in Sources */,
				CF537899262756130039108D /* DockWindowController.swift in Sources */,
				CF982E102628A72C0056401A /* GoogleSearchPopover.swift in Sources */,
				CF53786B262752020039108D /* AppDelegate.swift in Sources */,
				CF982DC0262874700056401A /* MLCalendarView.swift in Sources */,
				CF5378AC26275A1F0039108D /* CollectionViewController.swift in Sources */,
				CF982DC1262874700056401A /* MLCalendarCell.swift in Sources */,
				CFBD011E2629A38C00F2E7FC /* favourites.swift in Sources */,
				CF677C842628AEDC00CC2C68 /* ToolTipPopover.swift in Sources */,
				CF677C7E2628ABFE00CC2C68 /* AlphaButtons.swift in Sources */,
				CFE6B203262864C700DF229B /* BatteryPopoverView.swift in Sources */,
			);
			runOnlyForDeploymentPostprocessing = 0;
		};
		CF537873262752040039108D /* Sources */ = {
			isa = PBXSourcesBuildPhase;
			buildActionMask = 2147483647;
			files = (
				CF53787C262752040039108D /* QuickBarTests.swift in Sources */,
			);
			runOnlyForDeploymentPostprocessing = 0;
		};
		CF53787E262752040039108D /* Sources */ = {
			isa = PBXSourcesBuildPhase;
			buildActionMask = 2147483647;
			files = (
				CF537887262752040039108D /* QuickBarUITests.swift in Sources */,
			);
			runOnlyForDeploymentPostprocessing = 0;
		};
/* End PBXSourcesBuildPhase section */

/* Begin PBXTargetDependency section */
		CF537879262752040039108D /* PBXTargetDependency */ = {
			isa = PBXTargetDependency;
			target = CF537866262752020039108D /* QuickBar */;
			targetProxy = CF537878262752040039108D /* PBXContainerItemProxy */;
		};
		CF537884262752040039108D /* PBXTargetDependency */ = {
			isa = PBXTargetDependency;
			target = CF537866262752020039108D /* QuickBar */;
			targetProxy = CF537883262752040039108D /* PBXContainerItemProxy */;
		};
/* End PBXTargetDependency section */

/* Begin PBXVariantGroup section */
		CF53786E262752030039108D /* MainMenu.xib */ = {
			isa = PBXVariantGroup;
			children = (
				CF53786F262752030039108D /* Base */,
			);
			name = MainMenu.xib;
			sourceTree = "<group>";
		};
		CF677C742628A8A600CC2C68 /* GoogleSearchPopover.xib */ = {
			isa = PBXVariantGroup;
			children = (
				CF677C732628A8A600CC2C68 /* Base */,
			);
			name = GoogleSearchPopover.xib;
			sourceTree = "<group>";
		};
/* End PBXVariantGroup section */

/* Begin XCBuildConfiguration section */
		CF537889262752040039108D /* Debug */ = {
			isa = XCBuildConfiguration;
			buildSettings = {
				ALWAYS_SEARCH_USER_PATHS = NO;
				CLANG_ANALYZER_NONNULL = YES;
				CLANG_ANALYZER_NUMBER_OBJECT_CONVERSION = YES_AGGRESSIVE;
				CLANG_CXX_LANGUAGE_STANDARD = "gnu++14";
				CLANG_CXX_LIBRARY = "libc++";
				CLANG_ENABLE_MODULES = YES;
				CLANG_ENABLE_OBJC_ARC = YES;
				CLANG_ENABLE_OBJC_WEAK = YES;
				CLANG_WARN_BLOCK_CAPTURE_AUTORELEASING = YES;
				CLANG_WARN_BOOL_CONVERSION = YES;
				CLANG_WARN_COMMA = YES;
				CLANG_WARN_CONSTANT_CONVERSION = YES;
				CLANG_WARN_DEPRECATED_OBJC_IMPLEMENTATIONS = YES;
				CLANG_WARN_DIRECT_OBJC_ISA_USAGE = YES_ERROR;
				CLANG_WARN_DOCUMENTATION_COMMENTS = YES;
				CLANG_WARN_EMPTY_BODY = YES;
				CLANG_WARN_ENUM_CONVERSION = YES;
				CLANG_WARN_INFINITE_RECURSION = YES;
				CLANG_WARN_INT_CONVERSION = YES;
				CLANG_WARN_NON_LITERAL_NULL_CONVERSION = YES;
				CLANG_WARN_OBJC_IMPLICIT_RETAIN_SELF = YES;
				CLANG_WARN_OBJC_LITERAL_CONVERSION = YES;
				CLANG_WARN_OBJC_ROOT_CLASS = YES_ERROR;
				CLANG_WARN_QUOTED_INCLUDE_IN_FRAMEWORK_HEADER = YES;
				CLANG_WARN_RANGE_LOOP_ANALYSIS = YES;
				CLANG_WARN_STRICT_PROTOTYPES = YES;
				CLANG_WARN_SUSPICIOUS_MOVE = YES;
				CLANG_WARN_UNGUARDED_AVAILABILITY = YES_AGGRESSIVE;
				CLANG_WARN_UNREACHABLE_CODE = YES;
				CLANG_WARN__DUPLICATE_METHOD_MATCH = YES;
				COPY_PHASE_STRIP = NO;
				DEBUG_INFORMATION_FORMAT = dwarf;
				ENABLE_STRICT_OBJC_MSGSEND = YES;
				ENABLE_TESTABILITY = YES;
				GCC_C_LANGUAGE_STANDARD = gnu11;
				GCC_DYNAMIC_NO_PIC = NO;
				GCC_NO_COMMON_BLOCKS = YES;
				GCC_OPTIMIZATION_LEVEL = 0;
				GCC_PREPROCESSOR_DEFINITIONS = (
					"DEBUG=1",
					"$(inherited)",
				);
				GCC_WARN_64_TO_32_BIT_CONVERSION = YES;
				GCC_WARN_ABOUT_RETURN_TYPE = YES_ERROR;
				GCC_WARN_UNDECLARED_SELECTOR = YES;
				GCC_WARN_UNINITIALIZED_AUTOS = YES_AGGRESSIVE;
				GCC_WARN_UNUSED_FUNCTION = YES;
				GCC_WARN_UNUSED_VARIABLE = YES;
				MACOSX_DEPLOYMENT_TARGET = 11.1;
				MTL_ENABLE_DEBUG_INFO = INCLUDE_SOURCE;
				MTL_FAST_MATH = YES;
				ONLY_ACTIVE_ARCH = YES;
				SDKROOT = macosx;
				SWIFT_ACTIVE_COMPILATION_CONDITIONS = DEBUG;
				SWIFT_OPTIMIZATION_LEVEL = "-Onone";
			};
			name = Debug;
		};
		CF53788A262752040039108D /* Release */ = {
			isa = XCBuildConfiguration;
			buildSettings = {
				ALWAYS_SEARCH_USER_PATHS = NO;
				CLANG_ANALYZER_NONNULL = YES;
				CLANG_ANALYZER_NUMBER_OBJECT_CONVERSION = YES_AGGRESSIVE;
				CLANG_CXX_LANGUAGE_STANDARD = "gnu++14";
				CLANG_CXX_LIBRARY = "libc++";
				CLANG_ENABLE_MODULES = YES;
				CLANG_ENABLE_OBJC_ARC = YES;
				CLANG_ENABLE_OBJC_WEAK = YES;
				CLANG_WARN_BLOCK_CAPTURE_AUTORELEASING = YES;
				CLANG_WARN_BOOL_CONVERSION = YES;
				CLANG_WARN_COMMA = YES;
				CLANG_WARN_CONSTANT_CONVERSION = YES;
				CLANG_WARN_DEPRECATED_OBJC_IMPLEMENTATIONS = YES;
				CLANG_WARN_DIRECT_OBJC_ISA_USAGE = YES_ERROR;
				CLANG_WARN_DOCUMENTATION_COMMENTS = YES;
				CLANG_WARN_EMPTY_BODY = YES;
				CLANG_WARN_ENUM_CONVERSION = YES;
				CLANG_WARN_INFINITE_RECURSION = YES;
				CLANG_WARN_INT_CONVERSION = YES;
				CLANG_WARN_NON_LITERAL_NULL_CONVERSION = YES;
				CLANG_WARN_OBJC_IMPLICIT_RETAIN_SELF = YES;
				CLANG_WARN_OBJC_LITERAL_CONVERSION = YES;
				CLANG_WARN_OBJC_ROOT_CLASS = YES_ERROR;
				CLANG_WARN_QUOTED_INCLUDE_IN_FRAMEWORK_HEADER = YES;
				CLANG_WARN_RANGE_LOOP_ANALYSIS = YES;
				CLANG_WARN_STRICT_PROTOTYPES = YES;
				CLANG_WARN_SUSPICIOUS_MOVE = YES;
				CLANG_WARN_UNGUARDED_AVAILABILITY = YES_AGGRESSIVE;
				CLANG_WARN_UNREACHABLE_CODE = YES;
				CLANG_WARN__DUPLICATE_METHOD_MATCH = YES;
				COPY_PHASE_STRIP = NO;
				DEBUG_INFORMATION_FORMAT = "dwarf-with-dsym";
				ENABLE_NS_ASSERTIONS = NO;
				ENABLE_STRICT_OBJC_MSGSEND = YES;
				GCC_C_LANGUAGE_STANDARD = gnu11;
				GCC_NO_COMMON_BLOCKS = YES;
				GCC_WARN_64_TO_32_BIT_CONVERSION = YES;
				GCC_WARN_ABOUT_RETURN_TYPE = YES_ERROR;
				GCC_WARN_UNDECLARED_SELECTOR = YES;
				GCC_WARN_UNINITIALIZED_AUTOS = YES_AGGRESSIVE;
				GCC_WARN_UNUSED_FUNCTION = YES;
				GCC_WARN_UNUSED_VARIABLE = YES;
				MACOSX_DEPLOYMENT_TARGET = 11.1;
				MTL_ENABLE_DEBUG_INFO = NO;
				MTL_FAST_MATH = YES;
				SDKROOT = macosx;
				SWIFT_COMPILATION_MODE = wholemodule;
				SWIFT_OPTIMIZATION_LEVEL = "-O";
			};
			name = Release;
		};
		CF53788C262752040039108D /* Debug */ = {
			isa = XCBuildConfiguration;
			buildSettings = {
				ASSETCATALOG_COMPILER_APPICON_NAME = AppIcon;
				ASSETCATALOG_COMPILER_GLOBAL_ACCENT_COLOR_NAME = AccentColor;
				CODE_SIGN_ENTITLEMENTS = QuickBar/QuickBar.entitlements;
				CODE_SIGN_STYLE = Automatic;
				COMBINE_HIDPI_IMAGES = YES;
				DEVELOPMENT_TEAM = B29PGN9AG4;
				ENABLE_HARDENED_RUNTIME = YES;
				INFOPLIST_FILE = QuickBar/Info.plist;
				LD_RUNPATH_SEARCH_PATHS = (
					"$(inherited)",
					"@executable_path/../Frameworks",
				);
				PRODUCT_BUNDLE_IDENTIFIER = com.ashwin.QuickBar;
				PRODUCT_NAME = "$(TARGET_NAME)";
				SWIFT_VERSION = 5.0;
			};
			name = Debug;
		};
		CF53788D262752040039108D /* Release */ = {
			isa = XCBuildConfiguration;
			buildSettings = {
				ASSETCATALOG_COMPILER_APPICON_NAME = AppIcon;
				ASSETCATALOG_COMPILER_GLOBAL_ACCENT_COLOR_NAME = AccentColor;
				CODE_SIGN_ENTITLEMENTS = QuickBar/QuickBar.entitlements;
				CODE_SIGN_STYLE = Automatic;
				COMBINE_HIDPI_IMAGES = YES;
				DEVELOPMENT_TEAM = B29PGN9AG4;
				ENABLE_HARDENED_RUNTIME = YES;
				INFOPLIST_FILE = QuickBar/Info.plist;
				LD_RUNPATH_SEARCH_PATHS = (
					"$(inherited)",
					"@executable_path/../Frameworks",
				);
				PRODUCT_BUNDLE_IDENTIFIER = com.ashwin.QuickBar;
				PRODUCT_NAME = "$(TARGET_NAME)";
				SWIFT_VERSION = 5.0;
			};
			name = Release;
		};
		CF53788F262752040039108D /* Debug */ = {
			isa = XCBuildConfiguration;
			buildSettings = {
				ALWAYS_EMBED_SWIFT_STANDARD_LIBRARIES = YES;
				BUNDLE_LOADER = "$(TEST_HOST)";
				CODE_SIGN_STYLE = Automatic;
				COMBINE_HIDPI_IMAGES = YES;
				DEVELOPMENT_TEAM = B29PGN9AG4;
				INFOPLIST_FILE = QuickBarTests/Info.plist;
				LD_RUNPATH_SEARCH_PATHS = (
					"$(inherited)",
					"@executable_path/../Frameworks",
					"@loader_path/../Frameworks",
				);
				MACOSX_DEPLOYMENT_TARGET = 11.1;
				PRODUCT_BUNDLE_IDENTIFIER = com.ashwin.QuickBarTests;
				PRODUCT_NAME = "$(TARGET_NAME)";
				SWIFT_VERSION = 5.0;
				TEST_HOST = "$(BUILT_PRODUCTS_DIR)/QuickBar.app/Contents/MacOS/QuickBar";
			};
			name = Debug;
		};
		CF537890262752040039108D /* Release */ = {
			isa = XCBuildConfiguration;
			buildSettings = {
				ALWAYS_EMBED_SWIFT_STANDARD_LIBRARIES = YES;
				BUNDLE_LOADER = "$(TEST_HOST)";
				CODE_SIGN_STYLE = Automatic;
				COMBINE_HIDPI_IMAGES = YES;
				DEVELOPMENT_TEAM = B29PGN9AG4;
				INFOPLIST_FILE = QuickBarTests/Info.plist;
				LD_RUNPATH_SEARCH_PATHS = (
					"$(inherited)",
					"@executable_path/../Frameworks",
					"@loader_path/../Frameworks",
				);
				MACOSX_DEPLOYMENT_TARGET = 11.1;
				PRODUCT_BUNDLE_IDENTIFIER = com.ashwin.QuickBarTests;
				PRODUCT_NAME = "$(TARGET_NAME)";
				SWIFT_VERSION = 5.0;
				TEST_HOST = "$(BUILT_PRODUCTS_DIR)/QuickBar.app/Contents/MacOS/QuickBar";
			};
			name = Release;
		};
		CF537892262752040039108D /* Debug */ = {
			isa = XCBuildConfiguration;
			buildSettings = {
				ALWAYS_EMBED_SWIFT_STANDARD_LIBRARIES = YES;
				CODE_SIGN_STYLE = Automatic;
				COMBINE_HIDPI_IMAGES = YES;
				DEVELOPMENT_TEAM = B29PGN9AG4;
				INFOPLIST_FILE = QuickBarUITests/Info.plist;
				LD_RUNPATH_SEARCH_PATHS = (
					"$(inherited)",
					"@executable_path/../Frameworks",
					"@loader_path/../Frameworks",
				);
				PRODUCT_BUNDLE_IDENTIFIER = com.ashwin.QuickBarUITests;
				PRODUCT_NAME = "$(TARGET_NAME)";
				SWIFT_VERSION = 5.0;
				TEST_TARGET_NAME = QuickBar;
			};
			name = Debug;
		};
		CF537893262752040039108D /* Release */ = {
			isa = XCBuildConfiguration;
			buildSettings = {
				ALWAYS_EMBED_SWIFT_STANDARD_LIBRARIES = YES;
				CODE_SIGN_STYLE = Automatic;
				COMBINE_HIDPI_IMAGES = YES;
				DEVELOPMENT_TEAM = B29PGN9AG4;
				INFOPLIST_FILE = QuickBarUITests/Info.plist;
				LD_RUNPATH_SEARCH_PATHS = (
					"$(inherited)",
					"@executable_path/../Frameworks",
					"@loader_path/../Frameworks",
				);
				PRODUCT_BUNDLE_IDENTIFIER = com.ashwin.QuickBarUITests;
				PRODUCT_NAME = "$(TARGET_NAME)";
				SWIFT_VERSION = 5.0;
				TEST_TARGET_NAME = QuickBar;
			};
			name = Release;
		};
/* End XCBuildConfiguration section */

/* Begin XCConfigurationList section */
		CF537862262752020039108D /* Build configuration list for PBXProject "QuickBar" */ = {
			isa = XCConfigurationList;
			buildConfigurations = (
				CF537889262752040039108D /* Debug */,
				CF53788A262752040039108D /* Release */,
			);
			defaultConfigurationIsVisible = 0;
			defaultConfigurationName = Release;
		};
		CF53788B262752040039108D /* Build configuration list for PBXNativeTarget "QuickBar" */ = {
			isa = XCConfigurationList;
			buildConfigurations = (
				CF53788C262752040039108D /* Debug */,
				CF53788D262752040039108D /* Release */,
			);
			defaultConfigurationIsVisible = 0;
			defaultConfigurationName = Release;
		};
		CF53788E262752040039108D /* Build configuration list for PBXNativeTarget "QuickBarTests" */ = {
			isa = XCConfigurationList;
			buildConfigurations = (
				CF53788F262752040039108D /* Debug */,
				CF537890262752040039108D /* Release */,
			);
			defaultConfigurationIsVisible = 0;
			defaultConfigurationName = Release;
		};
		CF537891262752040039108D /* Build configuration list for PBXNativeTarget "QuickBarUITests" */ = {
			isa = XCConfigurationList;
			buildConfigurations = (
				CF537892262752040039108D /* Debug */,
				CF537893262752040039108D /* Release */,
			);
			defaultConfigurationIsVisible = 0;
			defaultConfigurationName = Release;
		};
/* End XCConfigurationList section */
	};
	rootObject = CF53785F262752020039108D /* Project object */;
}
